
Microsoft Visual Studio Solution File, Format Version 12.00
# Visual Studio Version 17
VisualStudioVersion = 17.8.34330.188
MinimumVisualStudioVersion = 10.0.40219.1
Project("{9A19103F-16F7-4668-BE54-9A1E7A4F7556}") = "IrisSVM", "IrisSVM.csproj", "{377A10D9-C43B-4A97-A5E8-E47EDB0C3240}"
EndProject
Project("{FAE04EC0-301F-11D3-BF4B-00C04F79EFBC}") = "IrisSVM.Tests", "..\IrisSVM.Tests\IrisSVM.Tests.csproj", "{F22F750C-C680-4D36-966A-65376B2792E8}"
EndProject
Global
	GlobalSection(SolutionConfigurationPlatforms) = preSolution
		Debug|Any CPU = Debug|Any CPU
		Release|Any CPU = Release|Any CPU
	EndGlobalSection
	GlobalSection(ProjectConfigurationPlatforms) = postSolution
		{377A10D9-C43B-4A97-A5E8-E47EDB0C3240}.Debug|Any CPU.ActiveCfg = Debug|Any CPU
		{377A10D9-C43B-4A97-A5E8-E47EDB0C3240}.Debug|Any CPU.Build.0 = Debug|Any CPU
		{377A10D9-C43B-4A97-A5E8-E47EDB0C3240}.Release|Any CPU.ActiveCfg = Release|Any CPU
		{377A10D9-C43B-4A97-A5E8-E47EDB0C3240}.Release|Any CPU.Build.0 = Release|Any CPU
		{F22F750C-C680-4D36-966A-65376B2792E8}.Debug|Any CPU.ActiveCfg = Debug|Any CPU
		{F22F750C-C680-4D36-966A-65376B2792E8}.Debug|Any CPU.Build.0 = Debug|Any CPU
		{F22F750C-C680-4D36-966A-65376B2792E8}.Release|Any CPU.ActiveCfg = Release|Any CPU
		{F22F750C-C680-4D36-966A-65376B2792E8}.Release|Any CPU.Build.0 = Release|Any CPU
	EndGlobalSection
	GlobalSection(SolutionProperties) = preSolution
		HideSolutionNode = FALSE
	EndGlobalSection
	GlobalSection(ExtensibilityGlobals) = postSolution
		SolutionGuid = {E18D2161-53C6-4AE5-B503-B4E9C256DB1D}
	EndGlobalSection
EndGlobal
